
Microsoft Visual Studio Solution File, Format Version 12.00
# Visual Studio Version 17
VisualStudioVersion = 17.14.36705.20 d17.14
MinimumVisualStudioVersion = 10.0.40219.1
Project("{FAE04EC0-301F-11D3-BF4B-00C04F79EFBC}") = "ZsmCompress", "ZsmCompress.csproj", "{AAD124D1-8FFC-4E74-92A4-EB7885ADFB07}"
EndProject
Global
	GlobalSection(SolutionConfigurationPlatforms) = preSolution
		Debug|Any CPU = Debug|Any CPU
		Release|Any CPU = Release|Any CPU
	EndGlobalSection
	GlobalSection(ProjectConfigurationPlatforms) = postSolution
		{AAD124D1-8FFC-4E74-92A4-EB7885ADFB07}.Debug|Any CPU.ActiveCfg = Debug|Any CPU
		{AAD124D1-8FFC-4E74-92A4-EB7885ADFB07}.Debug|Any CPU.Build.0 = Debug|Any CPU
		{AAD124D1-8FFC-4E74-92A4-EB7885ADFB07}.Release|Any CPU.ActiveCfg = Release|Any CPU
		{AAD124D1-8FFC-4E74-92A4-EB7885ADFB07}.Release|Any CPU.Build.0 = Release|Any CPU
	EndGlobalSection
	GlobalSection(SolutionProperties) = preSolution
		HideSolutionNode = FALSE
	EndGlobalSection
	GlobalSection(ExtensibilityGlobals) = postSolution
		SolutionGuid = {8722E4AB-E1B3-43A9-8668-444FA2E69424}
	EndGlobalSection
EndGlobal
